
Microsoft Visual Studio Solution File, Format Version 12.00
# Visual Studio Version 16
VisualStudioVersion = 16.0.30611.23
MinimumVisualStudioVersion = 10.0.40219.1
Project("{FAE04EC0-301F-11D3-BF4B-00C04F79EFBC}") = "wpf_diary_app", "wpf_diary_app\wpf_diary_app.csproj", "{95BE44F8-11DE-4895-9C34-875E444561A1}"
EndProject
Global
	GlobalSection(SolutionConfigurationPlatforms) = preSolution
		Debug|Any CPU = Debug|Any CPU
		Release|Any CPU = Release|Any CPU
	EndGlobalSection
	GlobalSection(ProjectConfigurationPlatforms) = postSolution
		{95BE44F8-11DE-4895-9C34-875E444561A1}.Debug|Any CPU.ActiveCfg = Debug|Any CPU
		{95BE44F8-11DE-4895-9C34-875E444561A1}.Debug|Any CPU.Build.0 = Debug|Any CPU
		{95BE44F8-11DE-4895-9C34-875E444561A1}.Release|Any CPU.ActiveCfg = Release|Any CPU
		{95BE44F8-11DE-4895-9C34-875E444561A1}.Release|Any CPU.Build.0 = Release|Any CPU
	EndGlobalSection
	GlobalSection(SolutionProperties) = preSolution
		HideSolutionNode = FALSE
	EndGlobalSection
	GlobalSection(ExtensibilityGlobals) = postSolution
		SolutionGuid = {D9CD8053-4CB3-4934-9E8C-30E25A2DE7A2}
	EndGlobalSection
EndGlobal
